
Microsoft Visual Studio Solution File, Format Version 12.00
# Visual Studio 14
VisualStudioVersion = 14.0.25420.1
MinimumVisualStudioVersion = 10.0.40219.1
Project("{FAE04EC0-301F-11D3-BF4B-00C04F79EFBC}") = "meri", "meri\meri.csproj", "{BFB1A30F-7982-4987-BAC0-0975D5DEABDD}"
EndProject
Global
	GlobalSection(SolutionConfigurationPlatforms) = preSolution
		Debug|Any CPU = Debug|Any CPU
		Release|Any CPU = Release|Any CPU
	EndGlobalSection
	GlobalSection(ProjectConfigurationPlatforms) = postSolution
		{BFB1A30F-7982-4987-BAC0-0975D5DEABDD}.Debug|Any CPU.ActiveCfg = Debug|Any CPU
		{BFB1A30F-7982-4987-BAC0-0975D5DEABDD}.Debug|Any CPU.Build.0 = Debug|Any CPU
		{BFB1A30F-7982-4987-BAC0-0975D5DEABDD}.Release|Any CPU.ActiveCfg = Release|Any CPU
		{BFB1A30F-7982-4987-BAC0-0975D5DEABDD}.Release|Any CPU.Build.0 = Release|Any CPU
	EndGlobalSection
	GlobalSection(SolutionProperties) = preSolution
		HideSolutionNode = FALSE
	EndGlobalSection
EndGlobal
