
Microsoft Visual Studio Solution File, Format Version 12.00
# Visual Studio 14
VisualStudioVersion = 14.0.25420.1
MinimumVisualStudioVersion = 10.0.40219.1
Project("{FAE04EC0-301F-11D3-BF4B-00C04F79EFBC}") = "Fibonacii", "Fibonacii\Fibonacii.csproj", "{30C96631-624E-47C6-8C30-5C37AD1D333E}"
EndProject
Global
	GlobalSection(SolutionConfigurationPlatforms) = preSolution
		Debug|Any CPU = Debug|Any CPU
		Release|Any CPU = Release|Any CPU
	EndGlobalSection
	GlobalSection(ProjectConfigurationPlatforms) = postSolution
		{30C96631-624E-47C6-8C30-5C37AD1D333E}.Debug|Any CPU.ActiveCfg = Debug|Any CPU
		{30C96631-624E-47C6-8C30-5C37AD1D333E}.Debug|Any CPU.Build.0 = Debug|Any CPU
		{30C96631-624E-47C6-8C30-5C37AD1D333E}.Release|Any CPU.ActiveCfg = Release|Any CPU
		{30C96631-624E-47C6-8C30-5C37AD1D333E}.Release|Any CPU.Build.0 = Release|Any CPU
	EndGlobalSection
	GlobalSection(SolutionProperties) = preSolution
		HideSolutionNode = FALSE
	EndGlobalSection
EndGlobal
